
Microsoft Visual Studio Solution File, Format Version 12.00
# Visual Studio 15
VisualStudioVersion = 15.0.27428.2037
MinimumVisualStudioVersion = 10.0.40219.1
Project("{FAE04EC0-301F-11D3-BF4B-00C04F79EFBC}") = "Chiffrement", "Chiffrement\Chiffrement.csproj", "{331D70A3-4DCA-46E3-9004-F9FF08F7F438}"
EndProject
Global
	GlobalSection(SolutionConfigurationPlatforms) = preSolution
		Debug|Any CPU = Debug|Any CPU
		Release|Any CPU = Release|Any CPU
	EndGlobalSection
	GlobalSection(ProjectConfigurationPlatforms) = postSolution
		{331D70A3-4DCA-46E3-9004-F9FF08F7F438}.Debug|Any CPU.ActiveCfg = Debug|Any CPU
		{331D70A3-4DCA-46E3-9004-F9FF08F7F438}.Debug|Any CPU.Build.0 = Debug|Any CPU
		{331D70A3-4DCA-46E3-9004-F9FF08F7F438}.Release|Any CPU.ActiveCfg = Release|Any CPU
		{331D70A3-4DCA-46E3-9004-F9FF08F7F438}.Release|Any CPU.Build.0 = Release|Any CPU
	EndGlobalSection
	GlobalSection(SolutionProperties) = preSolution
		HideSolutionNode = FALSE
	EndGlobalSection
	GlobalSection(ExtensibilityGlobals) = postSolution
		SolutionGuid = {762386D5-FEF6-428E-B5EF-8730A560388F}
	EndGlobalSection
EndGlobal
